dependencies:
- name: runner
  repository: file://../runner/charts/runner
  version: 0.0.0-dev
- name: worker
  repository: file://../runner/charts/worker
  version: 0.0.0-dev
- name: authorization
  repository: file://../authorization/chart
  version: 0.0.0-dev
- name: action-builder
  repository: file://../action-builder/chart
  version: 0.0.0-dev
- name: common-resources
  repository: file://../common-helm-charts/common-resources
  version: 0.0.0-dev
- name: repository
  repository: file://../repository/chart
  version: 0.0.0-dev
- name: studio
  repository: file://../studio/chart
  version: 0.0.0-dev
- name: front
  repository: file://../front/chart
  version: 0.0.0-dev
- name: webui
  repository: file://../webui/chart
  version: 0.0.0-dev
- name: registry
  repository: file://../common-helm-charts/registry
  version: 0.0.0-dev
- name: datastore
  repository: file://../common-helm-charts/datastore
  version: 0.0.0-dev
- name: minio
  repository: oci://registry-1.docker.io/bitnamicharts
  version: 16.0.2
- name: traefik
  repository: https://helm.traefik.io/traefik
  version: 34.5.0
- name: rabbitmq
  repository: oci://registry-1.docker.io/bitnamicharts
  version: 15.5.0
- name: kube-prometheus-stack
  repository: https://prometheus-community.github.io/helm-charts
  version: 70.4.2
- name: tempo
  repository: https://grafana.github.io/helm-charts
  version: 1.20.0
digest: sha256:e255134e70accc3a2dff96b5ac3b57668c1f5df7948faffaee7bd91e81a61215
generated: "2025-04-08T15:54:53.170756044+02:00"
