dependencies:
- name: runner
  repository: oci://registry.ryax.org/release-charts
  version: 25.02.0
- name: worker
  repository: oci://registry.ryax.org/release-charts
  version: 25.02.0
- name: authorization
  repository: oci://registry.ryax.org/release-charts
  version: 25.02.0
- name: action-builder
  repository: oci://registry.ryax.org/release-charts
  version: 25.02.0
- name: common-resources
  repository: oci://registry.ryax.org/release-charts
  version: 25.02.0
- name: repository
  repository: oci://registry.ryax.org/release-charts
  version: 25.02.0
- name: studio
  repository: oci://registry.ryax.org/release-charts
  version: 25.02.0
- name: front
  repository: oci://registry.ryax.org/release-charts
  version: 25.02.0
- name: webui
  repository: oci://registry.ryax.org/release-charts
  version: 25.02.0
- name: registry
  repository: oci://registry.ryax.org/release-charts
  version: 25.02.0
- name: datastore
  repository: oci://registry.ryax.org/release-charts
  version: 25.02.0
- name: minio
  repository: oci://registry-1.docker.io/bitnamicharts
  version: 16.0.2
- name: traefik
  repository: https://helm.traefik.io/traefik
  version: 34.5.0
- name: rabbitmq
  repository: oci://registry-1.docker.io/bitnamicharts
  version: 15.5.0
- name: kube-prometheus-stack
  repository: https://prometheus-community.github.io/helm-charts
  version: 70.4.2
- name: tempo
  repository: https://grafana.github.io/helm-charts
  version: 1.20.0
digest: sha256:267bbb58435a3550b479c3a72652ebb1886886dea5f25c135904eb6ed70fe979
generated: "2025-04-08T15:03:00.439816385+02:00"
