dependencies:
- name: intelliscale
  repository: file://subcharts/intelliscale
  version: 26.4.0-rc2
- name: loki
  repository: https://grafana.github.io/helm-charts
  version: 6.16.0
- name: promtail
  repository: https://grafana.github.io/helm-charts
  version: 6.16.6
- name: postgresql
  repository: oci://registry-1.docker.io/bitnamicharts
  version: 16.1.2
digest: sha256:f16477013d5798f6cab8c57ac1181b829dc861d993db21af490f713efe85cfbb
generated: "2026-05-05T16:59:38.886413114+02:00"
