dependencies:
- name: loki
  repository: https://grafana.github.io/helm-charts
  version: 6.16.0
- name: promtail
  repository: https://grafana.github.io/helm-charts
  version: 6.16.6
- name: postgresql
  repository: oci://registry-1.docker.io/bitnamicharts
  version: 16.1.2
digest: sha256:27c8e7919da616b536895719c501bd78a04e4fc1ff14f1fe952f02437bde16a4
generated: "2026-06-23T14:55:02.804095013+02:00"
